
Microsoft Visual Studio Solution File, Format Version 12.00
# Visual Studio Version 16
VisualStudioVersion = 16.0.31321.278
MinimumVisualStudioVersion = 10.0.40219.1
Project("{FAE04EC0-301F-11D3-BF4B-00C04F79EFBC}") = "Laba 2 CVP", "Laba 2 CVP\Laba 2 CVP.csproj", "{B6717419-3FF1-4F19-9680-831EA24B4BCD}"
EndProject
Global
	GlobalSection(SolutionConfigurationPlatforms) = preSolution
		Debug|Any CPU = Debug|Any CPU
		Release|Any CPU = Release|Any CPU
	EndGlobalSection
	GlobalSection(ProjectConfigurationPlatforms) = postSolution
		{B6717419-3FF1-4F19-9680-831EA24B4BCD}.Debug|Any CPU.ActiveCfg = Debug|Any CPU
		{B6717419-3FF1-4F19-9680-831EA24B4BCD}.Debug|Any CPU.Build.0 = Debug|Any CPU
		{B6717419-3FF1-4F19-9680-831EA24B4BCD}.Release|Any CPU.ActiveCfg = Release|Any CPU
		{B6717419-3FF1-4F19-9680-831EA24B4BCD}.Release|Any CPU.Build.0 = Release|Any CPU
	EndGlobalSection
	GlobalSection(SolutionProperties) = preSolution
		HideSolutionNode = FALSE
	EndGlobalSection
	GlobalSection(ExtensibilityGlobals) = postSolution
		SolutionGuid = {92450D75-0D84-4770-BD33-46854F04F1E9}
	EndGlobalSection
EndGlobal
